<?xml version="1.0" encoding="utf-8"?>
<Project ToolsVersion="4.0" xmlns="http://schemas.microsoft.com/developer/msbuild/2003">
  <ItemGroup>
    <Filter Include="Source Files">
      <UniqueIdentifier>{4FC737F1-C7A5-4376-A066-2A32D752A2FF}</UniqueIdentifier>
      <Extensions>cpp;c;cc;cxx;def;odl;idl;hpj;bat;asm;asmx</Extensions>
    </Filter>
  </ItemGroup>
  <ItemGroup>
    <ClInclude Include="ParseFile.h" />
    <ClInclude Include="ParseException.h" />
    <ClInclude Include="ParseCSV.h" />
    <ClInclude Include="Database.h" />
    <ClInclude Include="D:\boost_1_63_0\libs\date_time\src\gregorian\greg_names.hpp" />
  </ItemGroup>
  <ItemGroup>
    <ClCompile Include="ParseFile.cpp">
      <Filter>Source Files</Filter>
    </ClCompile>
    <ClCompile Include="ParseCSV.cpp">
      <Filter>Source Files</Filter>
    </ClCompile>
    <ClCompile Include="main.cpp">
      <Filter>Source Files</Filter>
    </ClCompile>
    <ClCompile Include="Database.cpp">
      <Filter>Source Files</Filter>
    </ClCompile>
    <ClCompile Include="ParseException.cpp">
      <Filter>Source Files</Filter>
    </ClCompile>
    <ClCompile Include="D:\boost_1_63_0\libs\date_time\src\gregorian\greg_month.cpp">
      <Filter>Source Files</Filter>
    </ClCompile>
  </ItemGroup>
</Project>